
Microsoft Visual Studio Solution File, Format Version 12.00
# Visual Studio Version 17
VisualStudioVersion = 17.5.002.0
MinimumVisualStudioVersion = 10.0.40219.1
Project("{9A19103F-16F7-4668-BE54-9A1E7A4F7556}") = "Pneumagination", "Pneumagination.csproj", "{5C5C4346-1BF5-4184-BB3B-E45C6093804E}"
EndProject
Global
	GlobalSection(SolutionConfigurationPlatforms) = preSolution
		Debug|Any CPU = Debug|Any CPU
		Release|Any CPU = Release|Any CPU
	EndGlobalSection
	GlobalSection(ProjectConfigurationPlatforms) = postSolution
		{5C5C4346-1BF5-4184-BB3B-E45C6093804E}.Debug|Any CPU.ActiveCfg = Debug|Any CPU
		{5C5C4346-1BF5-4184-BB3B-E45C6093804E}.Debug|Any CPU.Build.0 = Debug|Any CPU
		{5C5C4346-1BF5-4184-BB3B-E45C6093804E}.Release|Any CPU.ActiveCfg = Release|Any CPU
		{5C5C4346-1BF5-4184-BB3B-E45C6093804E}.Release|Any CPU.Build.0 = Release|Any CPU
	EndGlobalSection
	GlobalSection(SolutionProperties) = preSolution
		HideSolutionNode = FALSE
	EndGlobalSection
	GlobalSection(ExtensibilityGlobals) = postSolution
		SolutionGuid = {240C81EA-80E5-47AD-80DC-CA30C944B5FE}
	EndGlobalSection
EndGlobal
